
Microsoft Visual Studio Solution File, Format Version 12.00
# Visual Studio 15
VisualStudioVersion = 15.0.26124.0
MinimumVisualStudioVersion = 15.0.26124.0
Project("{FAE04EC0-301F-11D3-BF4B-00C04F79EFBC}") = "Cryptography", "Cryptography\Cryptography.csproj", "{8F38D33E-171D-4978-B18F-E94CDE02E956}"
EndProject
Project("{FAE04EC0-301F-11D3-BF4B-00C04F79EFBC}") = "Cryptography.Tests", "Cryptography.Tests\Cryptography.Tests.csproj", "{75B856F7-93B5-4DDB-AD27-8D036F4BF80F}"
EndProject
Global
	GlobalSection(SolutionConfigurationPlatforms) = preSolution
		Debug|Any CPU = Debug|Any CPU
		Debug|x64 = Debug|x64
		Debug|x86 = Debug|x86
		Release|Any CPU = Release|Any CPU
		Release|x64 = Release|x64
		Release|x86 = Release|x86
	EndGlobalSection
	GlobalSection(SolutionProperties) = preSolution
		HideSolutionNode = FALSE
	EndGlobalSection
	GlobalSection(ProjectConfigurationPlatforms) = postSolution
		{8F38D33E-171D-4978-B18F-E94CDE02E956}.Debug|Any CPU.ActiveCfg = Debug|Any CPU
		{8F38D33E-171D-4978-B18F-E94CDE02E956}.Debug|Any CPU.Build.0 = Debug|Any CPU
		{8F38D33E-171D-4978-B18F-E94CDE02E956}.Debug|x64.ActiveCfg = Debug|Any CPU
		{8F38D33E-171D-4978-B18F-E94CDE02E956}.Debug|x64.Build.0 = Debug|Any CPU
		{8F38D33E-171D-4978-B18F-E94CDE02E956}.Debug|x86.ActiveCfg = Debug|Any CPU
		{8F38D33E-171D-4978-B18F-E94CDE02E956}.Debug|x86.Build.0 = Debug|Any CPU
		{8F38D33E-171D-4978-B18F-E94CDE02E956}.Release|Any CPU.ActiveCfg = Release|Any CPU
		{8F38D33E-171D-4978-B18F-E94CDE02E956}.Release|Any CPU.Build.0 = Release|Any CPU
		{8F38D33E-171D-4978-B18F-E94CDE02E956}.Release|x64.ActiveCfg = Release|Any CPU
		{8F38D33E-171D-4978-B18F-E94CDE02E956}.Release|x64.Build.0 = Release|Any CPU
		{8F38D33E-171D-4978-B18F-E94CDE02E956}.Release|x86.ActiveCfg = Release|Any CPU
		{8F38D33E-171D-4978-B18F-E94CDE02E956}.Release|x86.Build.0 = Release|Any CPU
		{75B856F7-93B5-4DDB-AD27-8D036F4BF80F}.Debug|Any CPU.ActiveCfg = Debug|Any CPU
		{75B856F7-93B5-4DDB-AD27-8D036F4BF80F}.Debug|Any CPU.Build.0 = Debug|Any CPU
		{75B856F7-93B5-4DDB-AD27-8D036F4BF80F}.Debug|x64.ActiveCfg = Debug|Any CPU
		{75B856F7-93B5-4DDB-AD27-8D036F4BF80F}.Debug|x64.Build.0 = Debug|Any CPU
		{75B856F7-93B5-4DDB-AD27-8D036F4BF80F}.Debug|x86.ActiveCfg = Debug|Any CPU
		{75B856F7-93B5-4DDB-AD27-8D036F4BF80F}.Debug|x86.Build.0 = Debug|Any CPU
		{75B856F7-93B5-4DDB-AD27-8D036F4BF80F}.Release|Any CPU.ActiveCfg = Release|Any CPU
		{75B856F7-93B5-4DDB-AD27-8D036F4BF80F}.Release|Any CPU.Build.0 = Release|Any CPU
		{75B856F7-93B5-4DDB-AD27-8D036F4BF80F}.Release|x64.ActiveCfg = Release|Any CPU
		{75B856F7-93B5-4DDB-AD27-8D036F4BF80F}.Release|x64.Build.0 = Release|Any CPU
		{75B856F7-93B5-4DDB-AD27-8D036F4BF80F}.Release|x86.ActiveCfg = Release|Any CPU
		{75B856F7-93B5-4DDB-AD27-8D036F4BF80F}.Release|x86.Build.0 = Release|Any CPU
	EndGlobalSection
EndGlobal
